
Microsoft Visual Studio Solution File, Format Version 12.00
# Visual Studio 15
VisualStudioVersion = 15.0.28010.2046
MinimumVisualStudioVersion = 10.0.40219.1
Project("{8BC9CEB8-8B4A-11D0-8D11-00A0C91BC942}") = "Project2", "Project2\Project2.vcxproj", "{0208AC2B-C6AD-45FE-A1A0-DA787262FA63}"
EndProject
Global
	GlobalSection(SolutionConfigurationPlatforms) = preSolution
		Debug|x64 = Debug|x64
		Debug|x86 = Debug|x86
		Release|x64 = Release|x64
		Release|x86 = Release|x86
	EndGlobalSection
	GlobalSection(ProjectConfigurationPlatforms) = postSolution
		{0208AC2B-C6AD-45FE-A1A0-DA787262FA63}.Debug|x64.ActiveCfg = Debug|x64
		{0208AC2B-C6AD-45FE-A1A0-DA787262FA63}.Debug|x64.Build.0 = Debug|x64
		{0208AC2B-C6AD-45FE-A1A0-DA787262FA63}.Debug|x86.ActiveCfg = Debug|Win32
		{0208AC2B-C6AD-45FE-A1A0-DA787262FA63}.Debug|x86.Build.0 = Debug|Win32
		{0208AC2B-C6AD-45FE-A1A0-DA787262FA63}.Release|x64.ActiveCfg = Release|x64
		{0208AC2B-C6AD-45FE-A1A0-DA787262FA63}.Release|x64.Build.0 = Release|x64
		{0208AC2B-C6AD-45FE-A1A0-DA787262FA63}.Release|x86.ActiveCfg = Release|Win32
		{0208AC2B-C6AD-45FE-A1A0-DA787262FA63}.Release|x86.Build.0 = Release|Win32
	EndGlobalSection
	GlobalSection(SolutionProperties) = preSolution
		HideSolutionNode = FALSE
	EndGlobalSection
	GlobalSection(ExtensibilityGlobals) = postSolution
		SolutionGuid = {B60254B5-604C-48A5-86D3-1530B99FA2D5}
	EndGlobalSection
EndGlobal
